
Microsoft Visual Studio Solution File, Format Version 12.00
# Visual Studio Version 17
VisualStudioVersion = 17.0.31903.59
MinimumVisualStudioVersion = 10.0.40219.1
Project("{2150E333-8FDC-42A3-9474-1A3956D46DE8}") = "src", "src", "{827E0CD3-B72D-47B6-A68D-7590B98EB39B}"
EndProject
Project("{FAE04EC0-301F-11D3-BF4B-00C04F79EFBC}") = "DocNest.Abstractions", "src\DocNest.Abstractions\DocNest.Abstractions.csproj", "{29418B2D-308C-4CAB-AB3B-1D396770B2DA}"
EndProject
Project("{FAE04EC0-301F-11D3-BF4B-00C04F79EFBC}") = "DocNest.Core", "src\DocNest.Core\DocNest.Core.csproj", "{9C3136E2-B50B-4A5E-AD73-1301C77B165C}"
EndProject
Project("{2150E333-8FDC-42A3-9474-1A3956D46DE8}") = "tests", "tests", "{0AB3BF05-4346-4AA6-1389-037BE0695223}"
EndProject
Project("{FAE04EC0-301F-11D3-BF4B-00C04F79EFBC}") = "DocNest.Core.Tests", "tests\DocNest.Core.Tests\DocNest.Core.Tests.csproj", "{8F8DF906-4507-4F7E-B010-0E76176AD337}"
EndProject
Project("{FAE04EC0-301F-11D3-BF4B-00C04F79EFBC}") = "DocNest.Storage", "src\DocNest.Storage\DocNest.Storage.csproj", "{9F5EDFFD-4707-41E8-B195-D3DA134EDBD2}"
EndProject
Project("{FAE04EC0-301F-11D3-BF4B-00C04F79EFBC}") = "DocNest.Storage.Tests", "tests\DocNest.Storage.Tests\DocNest.Storage.Tests.csproj", "{D49C31C0-7B70-4120-ABB9-A8FF6AE71E9F}"
EndProject
Project("{FAE04EC0-301F-11D3-BF4B-00C04F79EFBC}") = "DocNest.Parsers", "src\DocNest.Parsers\DocNest.Parsers.csproj", "{6E57989C-CBF6-43F6-87DE-A025D27401C0}"
EndProject
Project("{FAE04EC0-301F-11D3-BF4B-00C04F79EFBC}") = "DocNest.Parsers.Tests", "tests\DocNest.Parsers.Tests\DocNest.Parsers.Tests.csproj", "{274C833C-E5E2-49DC-9572-053BAB73EDAB}"
EndProject
Project("{FAE04EC0-301F-11D3-BF4B-00C04F79EFBC}") = "DocNest.Retrieval", "src\DocNest.Retrieval\DocNest.Retrieval.csproj", "{D4D7B576-2EC0-4942-A5FD-0C61D0BFDB65}"
EndProject
Project("{FAE04EC0-301F-11D3-BF4B-00C04F79EFBC}") = "DocNest.Retrieval.Tests", "tests\DocNest.Retrieval.Tests\DocNest.Retrieval.Tests.csproj", "{20E47C66-A23C-462D-ABE0-0A4A16837F58}"
EndProject
Project("{FAE04EC0-301F-11D3-BF4B-00C04F79EFBC}") = "DocNest.Embeddings", "src\DocNest.Embeddings\DocNest.Embeddings.csproj", "{03FCD435-24F7-4326-A087-8E7891443AB0}"
EndProject
Project("{FAE04EC0-301F-11D3-BF4B-00C04F79EFBC}") = "DocNest.Embeddings.Tests", "tests\DocNest.Embeddings.Tests\DocNest.Embeddings.Tests.csproj", "{F7886A18-47BC-4493-89CE-57EBE25BA3B2}"
EndProject
Project("{FAE04EC0-301F-11D3-BF4B-00C04F79EFBC}") = "DocNest.Query", "src\DocNest.Query\DocNest.Query.csproj", "{AA9F9BB5-E941-46B4-BAEA-38038476764C}"
EndProject
Project("{FAE04EC0-301F-11D3-BF4B-00C04F79EFBC}") = "DocNest.Query.Tests", "tests\DocNest.Query.Tests\DocNest.Query.Tests.csproj", "{A7CF1C98-27D0-4A37-A6A1-EDCFD64954A0}"
EndProject
Project("{FAE04EC0-301F-11D3-BF4B-00C04F79EFBC}") = "DocNest.Cli", "src\DocNest.Cli\DocNest.Cli.csproj", "{B246AE31-7040-4668-BC2C-D5B7978A2F7E}"
EndProject
Project("{FAE04EC0-301F-11D3-BF4B-00C04F79EFBC}") = "DocNest.Cli.Tests", "tests\DocNest.Cli.Tests\DocNest.Cli.Tests.csproj", "{7814265E-8B0F-4004-B50F-EFCDBD52B14C}"
EndProject
Global
	GlobalSection(SolutionConfigurationPlatforms) = preSolution
		Debug|Any CPU = Debug|Any CPU
		Debug|x64 = Debug|x64
		Debug|x86 = Debug|x86
		Release|Any CPU = Release|Any CPU
		Release|x64 = Release|x64
		Release|x86 = Release|x86
	EndGlobalSection
	GlobalSection(ProjectConfigurationPlatforms) = postSolution
		{29418B2D-308C-4CAB-AB3B-1D396770B2DA}.Debug|Any CPU.ActiveCfg = Debug|Any CPU
		{29418B2D-308C-4CAB-AB3B-1D396770B2DA}.Debug|Any CPU.Build.0 = Debug|Any CPU
		{29418B2D-308C-4CAB-AB3B-1D396770B2DA}.Debug|x64.ActiveCfg = Debug|Any CPU
		{29418B2D-308C-4CAB-AB3B-1D396770B2DA}.Debug|x64.Build.0 = Debug|Any CPU
		{29418B2D-308C-4CAB-AB3B-1D396770B2DA}.Debug|x86.ActiveCfg = Debug|Any CPU
		{29418B2D-308C-4CAB-AB3B-1D396770B2DA}.Debug|x86.Build.0 = Debug|Any CPU
		{29418B2D-308C-4CAB-AB3B-1D396770B2DA}.Release|Any CPU.ActiveCfg = Release|Any CPU
		{29418B2D-308C-4CAB-AB3B-1D396770B2DA}.Release|Any CPU.Build.0 = Release|Any CPU
		{29418B2D-308C-4CAB-AB3B-1D396770B2DA}.Release|x64.ActiveCfg = Release|Any CPU
		{29418B2D-308C-4CAB-AB3B-1D396770B2DA}.Release|x64.Build.0 = Release|Any CPU
		{29418B2D-308C-4CAB-AB3B-1D396770B2DA}.Release|x86.ActiveCfg = Release|Any CPU
		{29418B2D-308C-4CAB-AB3B-1D396770B2DA}.Release|x86.Build.0 = Release|Any CPU
		{9C3136E2-B50B-4A5E-AD73-1301C77B165C}.Debug|Any CPU.ActiveCfg = Debug|Any CPU
		{9C3136E2-B50B-4A5E-AD73-1301C77B165C}.Debug|Any CPU.Build.0 = Debug|Any CPU
		{9C3136E2-B50B-4A5E-AD73-1301C77B165C}.Debug|x64.ActiveCfg = Debug|Any CPU
		{9C3136E2-B50B-4A5E-AD73-1301C77B165C}.Debug|x64.Build.0 = Debug|Any CPU
		{9C3136E2-B50B-4A5E-AD73-1301C77B165C}.Debug|x86.ActiveCfg = Debug|Any CPU
		{9C3136E2-B50B-4A5E-AD73-1301C77B165C}.Debug|x86.Build.0 = Debug|Any CPU
		{9C3136E2-B50B-4A5E-AD73-1301C77B165C}.Release|Any CPU.ActiveCfg = Release|Any CPU
		{9C3136E2-B50B-4A5E-AD73-1301C77B165C}.Release|Any CPU.Build.0 = Release|Any CPU
		{9C3136E2-B50B-4A5E-AD73-1301C77B165C}.Release|x64.ActiveCfg = Release|Any CPU
		{9C3136E2-B50B-4A5E-AD73-1301C77B165C}.Release|x64.Build.0 = Release|Any CPU
		{9C3136E2-B50B-4A5E-AD73-1301C77B165C}.Release|x86.ActiveCfg = Release|Any CPU
		{9C3136E2-B50B-4A5E-AD73-1301C77B165C}.Release|x86.Build.0 = Release|Any CPU
		{8F8DF906-4507-4F7E-B010-0E76176AD337}.Debug|Any CPU.ActiveCfg = Debug|Any CPU
		{8F8DF906-4507-4F7E-B010-0E76176AD337}.Debug|Any CPU.Build.0 = Debug|Any CPU
		{8F8DF906-4507-4F7E-B010-0E76176AD337}.Debug|x64.ActiveCfg = Debug|Any CPU
		{8F8DF906-4507-4F7E-B010-0E76176AD337}.Debug|x64.Build.0 = Debug|Any CPU
		{8F8DF906-4507-4F7E-B010-0E76176AD337}.Debug|x86.ActiveCfg = Debug|Any CPU
		{8F8DF906-4507-4F7E-B010-0E76176AD337}.Debug|x86.Build.0 = Debug|Any CPU
		{8F8DF906-4507-4F7E-B010-0E76176AD337}.Release|Any CPU.ActiveCfg = Release|Any CPU
		{8F8DF906-4507-4F7E-B010-0E76176AD337}.Release|Any CPU.Build.0 = Release|Any CPU
		{8F8DF906-4507-4F7E-B010-0E76176AD337}.Release|x64.ActiveCfg = Release|Any CPU
		{8F8DF906-4507-4F7E-B010-0E76176AD337}.Release|x64.Build.0 = Release|Any CPU
		{8F8DF906-4507-4F7E-B010-0E76176AD337}.Release|x86.ActiveCfg = Release|Any CPU
		{8F8DF906-4507-4F7E-B010-0E76176AD337}.Release|x86.Build.0 = Release|Any CPU
		{9F5EDFFD-4707-41E8-B195-D3DA134EDBD2}.Debug|Any CPU.ActiveCfg = Debug|Any CPU
		{9F5EDFFD-4707-41E8-B195-D3DA134EDBD2}.Debug|Any CPU.Build.0 = Debug|Any CPU
		{9F5EDFFD-4707-41E8-B195-D3DA134EDBD2}.Debug|x64.ActiveCfg = Debug|Any CPU
		{9F5EDFFD-4707-41E8-B195-D3DA134EDBD2}.Debug|x64.Build.0 = Debug|Any CPU
		{9F5EDFFD-4707-41E8-B195-D3DA134EDBD2}.Debug|x86.ActiveCfg = Debug|Any CPU
		{9F5EDFFD-4707-41E8-B195-D3DA134EDBD2}.Debug|x86.Build.0 = Debug|Any CPU
		{9F5EDFFD-4707-41E8-B195-D3DA134EDBD2}.Release|Any CPU.ActiveCfg = Release|Any CPU
		{9F5EDFFD-4707-41E8-B195-D3DA134EDBD2}.Release|Any CPU.Build.0 = Release|Any CPU
		{9F5EDFFD-4707-41E8-B195-D3DA134EDBD2}.Release|x64.ActiveCfg = Release|Any CPU
		{9F5EDFFD-4707-41E8-B195-D3DA134EDBD2}.Release|x64.Build.0 = Release|Any CPU
		{9F5EDFFD-4707-41E8-B195-D3DA134EDBD2}.Release|x86.ActiveCfg = Release|Any CPU
		{9F5EDFFD-4707-41E8-B195-D3DA134EDBD2}.Release|x86.Build.0 = Release|Any CPU
		{D49C31C0-7B70-4120-ABB9-A8FF6AE71E9F}.Debug|Any CPU.ActiveCfg = Debug|Any CPU
		{D49C31C0-7B70-4120-ABB9-A8FF6AE71E9F}.Debug|Any CPU.Build.0 = Debug|Any CPU
		{D49C31C0-7B70-4120-ABB9-A8FF6AE71E9F}.Debug|x64.ActiveCfg = Debug|Any CPU
		{D49C31C0-7B70-4120-ABB9-A8FF6AE71E9F}.Debug|x64.Build.0 = Debug|Any CPU
		{D49C31C0-7B70-4120-ABB9-A8FF6AE71E9F}.Debug|x86.ActiveCfg = Debug|Any CPU
		{D49C31C0-7B70-4120-ABB9-A8FF6AE71E9F}.Debug|x86.Build.0 = Debug|Any CPU
		{D49C31C0-7B70-4120-ABB9-A8FF6AE71E9F}.Release|Any CPU.ActiveCfg = Release|Any CPU
		{D49C31C0-7B70-4120-ABB9-A8FF6AE71E9F}.Release|Any CPU.Build.0 = Release|Any CPU
		{D49C31C0-7B70-4120-ABB9-A8FF6AE71E9F}.Release|x64.ActiveCfg = Release|Any CPU
		{D49C31C0-7B70-4120-ABB9-A8FF6AE71E9F}.Release|x64.Build.0 = Release|Any CPU
		{D49C31C0-7B70-4120-ABB9-A8FF6AE71E9F}.Release|x86.ActiveCfg = Release|Any CPU
		{D49C31C0-7B70-4120-ABB9-A8FF6AE71E9F}.Release|x86.Build.0 = Release|Any CPU
		{6E57989C-CBF6-43F6-87DE-A025D27401C0}.Debug|Any CPU.ActiveCfg = Debug|Any CPU
		{6E57989C-CBF6-43F6-87DE-A025D27401C0}.Debug|Any CPU.Build.0 = Debug|Any CPU
		{6E57989C-CBF6-43F6-87DE-A025D27401C0}.Debug|x64.ActiveCfg = Debug|Any CPU
		{6E57989C-CBF6-43F6-87DE-A025D27401C0}.Debug|x64.Build.0 = Debug|Any CPU
		{6E57989C-CBF6-43F6-87DE-A025D27401C0}.Debug|x86.ActiveCfg = Debug|Any CPU
		{6E57989C-CBF6-43F6-87DE-A025D27401C0}.Debug|x86.Build.0 = Debug|Any CPU
		{6E57989C-CBF6-43F6-87DE-A025D27401C0}.Release|Any CPU.ActiveCfg = Release|Any CPU
		{6E57989C-CBF6-43F6-87DE-A025D27401C0}.Release|Any CPU.Build.0 = Release|Any CPU
		{6E57989C-CBF6-43F6-87DE-A025D27401C0}.Release|x64.ActiveCfg = Release|Any CPU
		{6E57989C-CBF6-43F6-87DE-A025D27401C0}.Release|x64.Build.0 = Release|Any CPU
		{6E57989C-CBF6-43F6-87DE-A025D27401C0}.Release|x86.ActiveCfg = Release|Any CPU
		{6E57989C-CBF6-43F6-87DE-A025D27401C0}.Release|x86.Build.0 = Release|Any CPU
		{274C833C-E5E2-49DC-9572-053BAB73EDAB}.Debug|Any CPU.ActiveCfg = Debug|Any CPU
		{274C833C-E5E2-49DC-9572-053BAB73EDAB}.Debug|Any CPU.Build.0 = Debug|Any CPU
		{274C833C-E5E2-49DC-9572-053BAB73EDAB}.Debug|x64.ActiveCfg = Debug|Any CPU
		{274C833C-E5E2-49DC-9572-053BAB73EDAB}.Debug|x64.Build.0 = Debug|Any CPU
		{274C833C-E5E2-49DC-9572-053BAB73EDAB}.Debug|x86.ActiveCfg = Debug|Any CPU
		{274C833C-E5E2-49DC-9572-053BAB73EDAB}.Debug|x86.Build.0 = Debug|Any CPU
		{274C833C-E5E2-49DC-9572-053BAB73EDAB}.Release|Any CPU.ActiveCfg = Release|Any CPU
		{274C833C-E5E2-49DC-9572-053BAB73EDAB}.Release|Any CPU.Build.0 = Release|Any CPU
		{274C833C-E5E2-49DC-9572-053BAB73EDAB}.Release|x64.ActiveCfg = Release|Any CPU
		{274C833C-E5E2-49DC-9572-053BAB73EDAB}.Release|x64.Build.0 = Release|Any CPU
		{274C833C-E5E2-49DC-9572-053BAB73EDAB}.Release|x86.ActiveCfg = Release|Any CPU
		{274C833C-E5E2-49DC-9572-053BAB73EDAB}.Release|x86.Build.0 = Release|Any CPU
		{D4D7B576-2EC0-4942-A5FD-0C61D0BFDB65}.Debug|Any CPU.ActiveCfg = Debug|Any CPU
		{D4D7B576-2EC0-4942-A5FD-0C61D0BFDB65}.Debug|Any CPU.Build.0 = Debug|Any CPU
		{D4D7B576-2EC0-4942-A5FD-0C61D0BFDB65}.Debug|x64.ActiveCfg = Debug|Any CPU
		{D4D7B576-2EC0-4942-A5FD-0C61D0BFDB65}.Debug|x64.Build.0 = Debug|Any CPU
		{D4D7B576-2EC0-4942-A5FD-0C61D0BFDB65}.Debug|x86.ActiveCfg = Debug|Any CPU
		{D4D7B576-2EC0-4942-A5FD-0C61D0BFDB65}.Debug|x86.Build.0 = Debug|Any CPU
		{D4D7B576-2EC0-4942-A5FD-0C61D0BFDB65}.Release|Any CPU.ActiveCfg = Release|Any CPU
		{D4D7B576-2EC0-4942-A5FD-0C61D0BFDB65}.Release|Any CPU.Build.0 = Release|Any CPU
		{D4D7B576-2EC0-4942-A5FD-0C61D0BFDB65}.Release|x64.ActiveCfg = Release|Any CPU
		{D4D7B576-2EC0-4942-A5FD-0C61D0BFDB65}.Release|x64.Build.0 = Release|Any CPU
		{D4D7B576-2EC0-4942-A5FD-0C61D0BFDB65}.Release|x86.ActiveCfg = Release|Any CPU
		{D4D7B576-2EC0-4942-A5FD-0C61D0BFDB65}.Release|x86.Build.0 = Release|Any CPU
		{20E47C66-A23C-462D-ABE0-0A4A16837F58}.Debug|Any CPU.ActiveCfg = Debug|Any CPU
		{20E47C66-A23C-462D-ABE0-0A4A16837F58}.Debug|Any CPU.Build.0 = Debug|Any CPU
		{20E47C66-A23C-462D-ABE0-0A4A16837F58}.Debug|x64.ActiveCfg = Debug|Any CPU
		{20E47C66-A23C-462D-ABE0-0A4A16837F58}.Debug|x64.Build.0 = Debug|Any CPU
		{20E47C66-A23C-462D-ABE0-0A4A16837F58}.Debug|x86.ActiveCfg = Debug|Any CPU
		{20E47C66-A23C-462D-ABE0-0A4A16837F58}.Debug|x86.Build.0 = Debug|Any CPU
		{20E47C66-A23C-462D-ABE0-0A4A16837F58}.Release|Any CPU.ActiveCfg = Release|Any CPU
		{20E47C66-A23C-462D-ABE0-0A4A16837F58}.Release|Any CPU.Build.0 = Release|Any CPU
		{20E47C66-A23C-462D-ABE0-0A4A16837F58}.Release|x64.ActiveCfg = Release|Any CPU
		{20E47C66-A23C-462D-ABE0-0A4A16837F58}.Release|x64.Build.0 = Release|Any CPU
		{20E47C66-A23C-462D-ABE0-0A4A16837F58}.Release|x86.ActiveCfg = Release|Any CPU
		{20E47C66-A23C-462D-ABE0-0A4A16837F58}.Release|x86.Build.0 = Release|Any CPU
		{03FCD435-24F7-4326-A087-8E7891443AB0}.Debug|Any CPU.ActiveCfg = Debug|Any CPU
		{03FCD435-24F7-4326-A087-8E7891443AB0}.Debug|Any CPU.Build.0 = Debug|Any CPU
		{03FCD435-24F7-4326-A087-8E7891443AB0}.Debug|x64.ActiveCfg = Debug|Any CPU
		{03FCD435-24F7-4326-A087-8E7891443AB0}.Debug|x64.Build.0 = Debug|Any CPU
		{03FCD435-24F7-4326-A087-8E7891443AB0}.Debug|x86.ActiveCfg = Debug|Any CPU
		{03FCD435-24F7-4326-A087-8E7891443AB0}.Debug|x86.Build.0 = Debug|Any CPU
		{03FCD435-24F7-4326-A087-8E7891443AB0}.Release|Any CPU.ActiveCfg = Release|Any CPU
		{03FCD435-24F7-4326-A087-8E7891443AB0}.Release|Any CPU.Build.0 = Release|Any CPU
		{03FCD435-24F7-4326-A087-8E7891443AB0}.Release|x64.ActiveCfg = Release|Any CPU
		{03FCD435-24F7-4326-A087-8E7891443AB0}.Release|x64.Build.0 = Release|Any CPU
		{03FCD435-24F7-4326-A087-8E7891443AB0}.Release|x86.ActiveCfg = Release|Any CPU
		{03FCD435-24F7-4326-A087-8E7891443AB0}.Release|x86.Build.0 = Release|Any CPU
		{F7886A18-47BC-4493-89CE-57EBE25BA3B2}.Debug|Any CPU.ActiveCfg = Debug|Any CPU
		{F7886A18-47BC-4493-89CE-57EBE25BA3B2}.Debug|Any CPU.Build.0 = Debug|Any CPU
		{F7886A18-47BC-4493-89CE-57EBE25BA3B2}.Debug|x64.ActiveCfg = Debug|Any CPU
		{F7886A18-47BC-4493-89CE-57EBE25BA3B2}.Debug|x64.Build.0 = Debug|Any CPU
		{F7886A18-47BC-4493-89CE-57EBE25BA3B2}.Debug|x86.ActiveCfg = Debug|Any CPU
		{F7886A18-47BC-4493-89CE-57EBE25BA3B2}.Debug|x86.Build.0 = Debug|Any CPU
		{F7886A18-47BC-4493-89CE-57EBE25BA3B2}.Release|Any CPU.ActiveCfg = Release|Any CPU
		{F7886A18-47BC-4493-89CE-57EBE25BA3B2}.Release|Any CPU.Build.0 = Release|Any CPU
		{F7886A18-47BC-4493-89CE-57EBE25BA3B2}.Release|x64.ActiveCfg = Release|Any CPU
		{F7886A18-47BC-4493-89CE-57EBE25BA3B2}.Release|x64.Build.0 = Release|Any CPU
		{F7886A18-47BC-4493-89CE-57EBE25BA3B2}.Release|x86.ActiveCfg = Release|Any CPU
		{F7886A18-47BC-4493-89CE-57EBE25BA3B2}.Release|x86.Build.0 = Release|Any CPU
		{AA9F9BB5-E941-46B4-BAEA-38038476764C}.Debug|Any CPU.ActiveCfg = Debug|Any CPU
		{AA9F9BB5-E941-46B4-BAEA-38038476764C}.Debug|Any CPU.Build.0 = Debug|Any CPU
		{AA9F9BB5-E941-46B4-BAEA-38038476764C}.Debug|x64.ActiveCfg = Debug|Any CPU
		{AA9F9BB5-E941-46B4-BAEA-38038476764C}.Debug|x64.Build.0 = Debug|Any CPU
		{AA9F9BB5-E941-46B4-BAEA-38038476764C}.Debug|x86.ActiveCfg = Debug|Any CPU
		{AA9F9BB5-E941-46B4-BAEA-38038476764C}.Debug|x86.Build.0 = Debug|Any CPU
		{AA9F9BB5-E941-46B4-BAEA-38038476764C}.Release|Any CPU.ActiveCfg = Release|Any CPU
		{AA9F9BB5-E941-46B4-BAEA-38038476764C}.Release|Any CPU.Build.0 = Release|Any CPU
		{AA9F9BB5-E941-46B4-BAEA-38038476764C}.Release|x64.ActiveCfg = Release|Any CPU
		{AA9F9BB5-E941-46B4-BAEA-38038476764C}.Release|x64.Build.0 = Release|Any CPU
		{AA9F9BB5-E941-46B4-BAEA-38038476764C}.Release|x86.ActiveCfg = Release|Any CPU
		{AA9F9BB5-E941-46B4-BAEA-38038476764C}.Release|x86.Build.0 = Release|Any CPU
		{A7CF1C98-27D0-4A37-A6A1-EDCFD64954A0}.Debug|Any CPU.ActiveCfg = Debug|Any CPU
		{A7CF1C98-27D0-4A37-A6A1-EDCFD64954A0}.Debug|Any CPU.Build.0 = Debug|Any CPU
		{A7CF1C98-27D0-4A37-A6A1-EDCFD64954A0}.Debug|x64.ActiveCfg = Debug|Any CPU
		{A7CF1C98-27D0-4A37-A6A1-EDCFD64954A0}.Debug|x64.Build.0 = Debug|Any CPU
		{A7CF1C98-27D0-4A37-A6A1-EDCFD64954A0}.Debug|x86.ActiveCfg = Debug|Any CPU
		{A7CF1C98-27D0-4A37-A6A1-EDCFD64954A0}.Debug|x86.Build.0 = Debug|Any CPU
		{A7CF1C98-27D0-4A37-A6A1-EDCFD64954A0}.Release|Any CPU.ActiveCfg = Release|Any CPU
		{A7CF1C98-27D0-4A37-A6A1-EDCFD64954A0}.Release|Any CPU.Build.0 = Release|Any CPU
		{A7CF1C98-27D0-4A37-A6A1-EDCFD64954A0}.Release|x64.ActiveCfg = Release|Any CPU
		{A7CF1C98-27D0-4A37-A6A1-EDCFD64954A0}.Release|x64.Build.0 = Release|Any CPU
		{A7CF1C98-27D0-4A37-A6A1-EDCFD64954A0}.Release|x86.ActiveCfg = Release|Any CPU
		{A7CF1C98-27D0-4A37-A6A1-EDCFD64954A0}.Release|x86.Build.0 = Release|Any CPU
		{B246AE31-7040-4668-BC2C-D5B7978A2F7E}.Debug|Any CPU.ActiveCfg = Debug|Any CPU
		{B246AE31-7040-4668-BC2C-D5B7978A2F7E}.Debug|Any CPU.Build.0 = Debug|Any CPU
		{B246AE31-7040-4668-BC2C-D5B7978A2F7E}.Debug|x64.ActiveCfg = Debug|Any CPU
		{B246AE31-7040-4668-BC2C-D5B7978A2F7E}.Debug|x64.Build.0 = Debug|Any CPU
		{B246AE31-7040-4668-BC2C-D5B7978A2F7E}.Debug|x86.ActiveCfg = Debug|Any CPU
		{B246AE31-7040-4668-BC2C-D5B7978A2F7E}.Debug|x86.Build.0 = Debug|Any CPU
		{B246AE31-7040-4668-BC2C-D5B7978A2F7E}.Release|Any CPU.ActiveCfg = Release|Any CPU
		{B246AE31-7040-4668-BC2C-D5B7978A2F7E}.Release|Any CPU.Build.0 = Release|Any CPU
		{B246AE31-7040-4668-BC2C-D5B7978A2F7E}.Release|x64.ActiveCfg = Release|Any CPU
		{B246AE31-7040-4668-BC2C-D5B7978A2F7E}.Release|x64.Build.0 = Release|Any CPU
		{B246AE31-7040-4668-BC2C-D5B7978A2F7E}.Release|x86.ActiveCfg = Release|Any CPU
		{B246AE31-7040-4668-BC2C-D5B7978A2F7E}.Release|x86.Build.0 = Release|Any CPU
		{7814265E-8B0F-4004-B50F-EFCDBD52B14C}.Debug|Any CPU.ActiveCfg = Debug|Any CPU
		{7814265E-8B0F-4004-B50F-EFCDBD52B14C}.Debug|Any CPU.Build.0 = Debug|Any CPU
		{7814265E-8B0F-4004-B50F-EFCDBD52B14C}.Debug|x64.ActiveCfg = Debug|Any CPU
		{7814265E-8B0F-4004-B50F-EFCDBD52B14C}.Debug|x64.Build.0 = Debug|Any CPU
		{7814265E-8B0F-4004-B50F-EFCDBD52B14C}.Debug|x86.ActiveCfg = Debug|Any CPU
		{7814265E-8B0F-4004-B50F-EFCDBD52B14C}.Debug|x86.Build.0 = Debug|Any CPU
		{7814265E-8B0F-4004-B50F-EFCDBD52B14C}.Release|Any CPU.ActiveCfg = Release|Any CPU
		{7814265E-8B0F-4004-B50F-EFCDBD52B14C}.Release|Any CPU.Build.0 = Release|Any CPU
		{7814265E-8B0F-4004-B50F-EFCDBD52B14C}.Release|x64.ActiveCfg = Release|Any CPU
		{7814265E-8B0F-4004-B50F-EFCDBD52B14C}.Release|x64.Build.0 = Release|Any CPU
		{7814265E-8B0F-4004-B50F-EFCDBD52B14C}.Release|x86.ActiveCfg = Release|Any CPU
		{7814265E-8B0F-4004-B50F-EFCDBD52B14C}.Release|x86.Build.0 = Release|Any CPU
	EndGlobalSection
	GlobalSection(SolutionProperties) = preSolution
		HideSolutionNode = FALSE
	EndGlobalSection
	GlobalSection(NestedProjects) = preSolution
		{29418B2D-308C-4CAB-AB3B-1D396770B2DA} = {827E0CD3-B72D-47B6-A68D-7590B98EB39B}
		{9C3136E2-B50B-4A5E-AD73-1301C77B165C} = {827E0CD3-B72D-47B6-A68D-7590B98EB39B}
		{8F8DF906-4507-4F7E-B010-0E76176AD337} = {0AB3BF05-4346-4AA6-1389-037BE0695223}
		{9F5EDFFD-4707-41E8-B195-D3DA134EDBD2} = {827E0CD3-B72D-47B6-A68D-7590B98EB39B}
		{D49C31C0-7B70-4120-ABB9-A8FF6AE71E9F} = {0AB3BF05-4346-4AA6-1389-037BE0695223}
		{6E57989C-CBF6-43F6-87DE-A025D27401C0} = {827E0CD3-B72D-47B6-A68D-7590B98EB39B}
		{274C833C-E5E2-49DC-9572-053BAB73EDAB} = {0AB3BF05-4346-4AA6-1389-037BE0695223}
		{D4D7B576-2EC0-4942-A5FD-0C61D0BFDB65} = {827E0CD3-B72D-47B6-A68D-7590B98EB39B}
		{20E47C66-A23C-462D-ABE0-0A4A16837F58} = {0AB3BF05-4346-4AA6-1389-037BE0695223}
		{03FCD435-24F7-4326-A087-8E7891443AB0} = {827E0CD3-B72D-47B6-A68D-7590B98EB39B}
		{F7886A18-47BC-4493-89CE-57EBE25BA3B2} = {0AB3BF05-4346-4AA6-1389-037BE0695223}
		{AA9F9BB5-E941-46B4-BAEA-38038476764C} = {827E0CD3-B72D-47B6-A68D-7590B98EB39B}
		{A7CF1C98-27D0-4A37-A6A1-EDCFD64954A0} = {0AB3BF05-4346-4AA6-1389-037BE0695223}
		{B246AE31-7040-4668-BC2C-D5B7978A2F7E} = {827E0CD3-B72D-47B6-A68D-7590B98EB39B}
		{7814265E-8B0F-4004-B50F-EFCDBD52B14C} = {0AB3BF05-4346-4AA6-1389-037BE0695223}
	EndGlobalSection
EndGlobal
